Microsoft Visual Studio Solution File, Format Version 12.00
# Visual Studio Version 17
VisualStudioVersion = 17.5.2.0
MinimumVisualStudioVersion = 10.0.40219.1
Project("{FAE04EC0-301F-11D3-BF4B-00C04F79EFBC}") = "ASSIGNMENT 3", "ASSIGNMENT 3.csproj", "{28D7FC8A-8506-EDC5-711A-78D179798FF9}"
EndProject
Global
	GlobalSection(SolutionConfigurationPlatforms) = preSolution
		Debug|Any CPU = Debug|Any CPU
		Release|Any CPU = Release|Any CPU
	EndGlobalSection
	GlobalSection(ProjectConfigurationPlatforms) = postSolution
		{28D7FC8A-8506-EDC5-711A-78D179798FF9}.Debug|Any CPU.ActiveCfg = Debug|Any CPU
		{28D7FC8A-8506-EDC5-711A-78D179798FF9}.Debug|Any CPU.Build.0 = Debug|Any CPU
		{28D7FC8A-8506-EDC5-711A-78D179798FF9}.Release|Any CPU.ActiveCfg = Release|Any CPU
		{28D7FC8A-8506-EDC5-711A-78D179798FF9}.Release|Any CPU.Build.0 = Release|Any CPU
	EndGlobalSection
	GlobalSection(SolutionProperties) = preSolution
		HideSolutionNode = FALSE
	EndGlobalSection
	GlobalSection(ExtensibilityGlobals) = postSolution
		SolutionGuid = {51CCB730-EC73-4734-A028-04E249AA9673}
	EndGlobalSection
EndGlobal
