Microsoft Visual Studio Solution File, Format Version 12.00
# Visual Studio Version 17
VisualStudioVersion = 17.5.2.0
MinimumVisualStudioVersion = 10.0.40219.1
Project("{FAE04EC0-301F-11D3-BF4B-00C04F79EFBC}") = "Greeter", "Greeter.csproj", "{45DB8608-8544-8F12-F5C5-80E00EC612CB}"
EndProject
Global
	GlobalSection(SolutionConfigurationPlatforms) = preSolution
		Debug|Any CPU = Debug|Any CPU
		Release|Any CPU = Release|Any CPU
	EndGlobalSection
	GlobalSection(ProjectConfigurationPlatforms) = postSolution
		{45DB8608-8544-8F12-F5C5-80E00EC612CB}.Debug|Any CPU.ActiveCfg = Debug|Any CPU
		{45DB8608-8544-8F12-F5C5-80E00EC612CB}.Debug|Any CPU.Build.0 = Debug|Any CPU
		{45DB8608-8544-8F12-F5C5-80E00EC612CB}.Release|Any CPU.ActiveCfg = Release|Any CPU
		{45DB8608-8544-8F12-F5C5-80E00EC612CB}.Release|Any CPU.Build.0 = Release|Any CPU
	EndGlobalSection
	GlobalSection(SolutionProperties) = preSolution
		HideSolutionNode = FALSE
	EndGlobalSection
	GlobalSection(ExtensibilityGlobals) = postSolution
		SolutionGuid = {60F868D4-7001-4243-BB73-A1F98962C83D}
	EndGlobalSection
EndGlobal
